
Microsoft Visual Studio Solution File, Format Version 12.00
# Visual Studio Version 17
VisualStudioVersion = 17.10.35027.167
MinimumVisualStudioVersion = 10.0.40219.1
Project("{FAE04EC0-301F-11D3-BF4B-00C04F79EFBC}") = "YugiohLifeCounter", "YugiohLifeCounter.csproj", "{1D8433C0-7476-4DAC-AE1D-7CABA40114B4}"
EndProject
Project("{FAE04EC0-301F-11D3-BF4B-00C04F79EFBC}") = "YugiohLifeCounter.Core", "..\YugiohLifeCounter.Core\YugiohLifeCounter.Core.csproj", "{6FEA7579-2910-4053-9A84-C5C69F489114}"
EndProject
Project("{FAE04EC0-301F-11D3-BF4B-00C04F79EFBC}") = "YugiohLifeCounter.Application", "..\YugiohLifeCounter.Application\YugiohLifeCounter.Application.csproj", "{AA5DAD50-37DE-4D8A-8318-D58A821BD44B}"
EndProject
Project("{FAE04EC0-301F-11D3-BF4B-00C04F79EFBC}") = "YugiohLifeCounter.Core.Tests", "..\YugiohLifeCounter.Core.Tests\YugiohLifeCounter.Core.Tests.csproj", "{E95CBFD7-B24F-429A-AEAE-E280475179C9}"
EndProject
Global
	GlobalSection(SolutionConfigurationPlatforms) = preSolution
		Debug|Any CPU = Debug|Any CPU
		Release|Any CPU = Release|Any CPU
	EndGlobalSection
	GlobalSection(ProjectConfigurationPlatforms) = postSolution
		{1D8433C0-7476-4DAC-AE1D-7CABA40114B4}.Debug|Any CPU.ActiveCfg = Debug|Any CPU
		{1D8433C0-7476-4DAC-AE1D-7CABA40114B4}.Debug|Any CPU.Build.0 = Debug|Any CPU
		{1D8433C0-7476-4DAC-AE1D-7CABA40114B4}.Debug|Any CPU.Deploy.0 = Debug|Any CPU
		{1D8433C0-7476-4DAC-AE1D-7CABA40114B4}.Release|Any CPU.ActiveCfg = Release|Any CPU
		{1D8433C0-7476-4DAC-AE1D-7CABA40114B4}.Release|Any CPU.Build.0 = Release|Any CPU
		{1D8433C0-7476-4DAC-AE1D-7CABA40114B4}.Release|Any CPU.Deploy.0 = Release|Any CPU
		{6FEA7579-2910-4053-9A84-C5C69F489114}.Debug|Any CPU.ActiveCfg = Debug|Any CPU
		{6FEA7579-2910-4053-9A84-C5C69F489114}.Debug|Any CPU.Build.0 = Debug|Any CPU
		{6FEA7579-2910-4053-9A84-C5C69F489114}.Release|Any CPU.ActiveCfg = Release|Any CPU
		{6FEA7579-2910-4053-9A84-C5C69F489114}.Release|Any CPU.Build.0 = Release|Any CPU
		{AA5DAD50-37DE-4D8A-8318-D58A821BD44B}.Debug|Any CPU.ActiveCfg = Debug|Any CPU
		{AA5DAD50-37DE-4D8A-8318-D58A821BD44B}.Debug|Any CPU.Build.0 = Debug|Any CPU
		{AA5DAD50-37DE-4D8A-8318-D58A821BD44B}.Release|Any CPU.ActiveCfg = Release|Any CPU
		{AA5DAD50-37DE-4D8A-8318-D58A821BD44B}.Release|Any CPU.Build.0 = Release|Any CPU
		{E95CBFD7-B24F-429A-AEAE-E280475179C9}.Debug|Any CPU.ActiveCfg = Debug|Any CPU
		{E95CBFD7-B24F-429A-AEAE-E280475179C9}.Debug|Any CPU.Build.0 = Debug|Any CPU
		{E95CBFD7-B24F-429A-AEAE-E280475179C9}.Release|Any CPU.ActiveCfg = Release|Any CPU
		{E95CBFD7-B24F-429A-AEAE-E280475179C9}.Release|Any CPU.Build.0 = Release|Any CPU
	EndGlobalSection
	GlobalSection(SolutionProperties) = preSolution
		HideSolutionNode = FALSE
	EndGlobalSection
	GlobalSection(ExtensibilityGlobals) = postSolution
		SolutionGuid = {3DF128C4-868B-4782-A404-D3A25694EA0E}
	EndGlobalSection
EndGlobal
